
Microsoft Visual Studio Solution File, Format Version 12.00
# Visual Studio Version 17
VisualStudioVersion = 17.8.34330.188
MinimumVisualStudioVersion = 10.0.40219.1
Project("{8BC9CEB8-8B4A-11D0-8D11-00A0C91BC942}") = "Keyauth-Loader", "Keyauth-Loader\Keyauth-Loader.vcxproj", "{139E06EC-31E6-44BD-93B9-4FC98A7A9167}"
EndProject
Global
	GlobalSection(SolutionConfigurationPlatforms) = preSolution
		Debug|x64 = Debug|x64
		Debug|x86 = Debug|x86
		Release|x64 = Release|x64
		Release|x86 = Release|x86
	EndGlobalSection
	GlobalSection(ProjectConfigurationPlatforms) = postSolution
		{139E06EC-31E6-44BD-93B9-4FC98A7A9167}.Debug|x64.ActiveCfg = Debug|x64
		{139E06EC-31E6-44BD-93B9-4FC98A7A9167}.Debug|x64.Build.0 = Debug|x64
		{139E06EC-31E6-44BD-93B9-4FC98A7A9167}.Debug|x86.ActiveCfg = Debug|Win32
		{139E06EC-31E6-44BD-93B9-4FC98A7A9167}.Debug|x86.Build.0 = Debug|Win32
		{139E06EC-31E6-44BD-93B9-4FC98A7A9167}.Release|x64.ActiveCfg = Release|x64
		{139E06EC-31E6-44BD-93B9-4FC98A7A9167}.Release|x64.Build.0 = Release|x64
		{139E06EC-31E6-44BD-93B9-4FC98A7A9167}.Release|x86.ActiveCfg = Release|Win32
		{139E06EC-31E6-44BD-93B9-4FC98A7A9167}.Release|x86.Build.0 = Release|Win32
	EndGlobalSection
	GlobalSection(SolutionProperties) = preSolution
		HideSolutionNode = FALSE
	EndGlobalSection
	GlobalSection(ExtensibilityGlobals) = postSolution
		SolutionGuid = {D8AA3E67-E13F-4B00-9C6C-B225C2B7E5F7}
	EndGlobalSection
EndGlobal
